// !$*UTF8*$!
{
	archiveVersion = 1;
	classes = {
	};
	objectVersion = 56;
	objects = {

/* Begin PBXBuildFile section */
		6424C44C2A06934C0080D63F /* AppDelegate.swift in Sources */ = {isa = PBXBuildFile; fileRef = 6424C44B2A06934C0080D63F /* AppDelegate.swift */; };
		6424C44E2A06934C0080D63F /* SceneDelegate.swift in Sources */ = {isa = PBXBuildFile; fileRef = 6424C44D2A06934C0080D63F /* SceneDelegate.swift */; };
		6424C4502A06934C0080D63F /* ViewController.swift in Sources */ = {isa = PBXBuildFile; fileRef = 6424C44F2A06934C0080D63F /* ViewController.swift */; };
		6424C4532A06934C0080D63F /* Main.storyboard in Resources */ = {isa = PBXBuildFile; fileRef = 6424C4512A06934C0080D63F /* Main.storyboard */; };
		6424C4552A06934D0080D63F /* Assets.xcassets in Resources */ = {isa = PBXBuildFile; fileRef = 6424C4542A06934D0080D63F /* Assets.xcassets */; };
		6424C4582A06934D0080D63F /* LaunchScreen.storyboard in Resources */ = {isa = PBXBuildFile; fileRef = 6424C4562A06934D0080D63F /* LaunchScreen.storyboard */; };
		6424C4632A06934D0080D63F /* GSE_TechnicTestTests.swift in Sources */ = {isa = PBXBuildFile; fileRef = 6424C4622A06934D0080D63F /* GSE_TechnicTestTests.swift */; };
		6424C46D2A06934D0080D63F /* GSE_TechnicTestUITests.swift in Sources */ = {isa = PBXBuildFile; fileRef = 6424C46C2A06934D0080D63F /* GSE_TechnicTestUITests.swift */; };
		6424C46F2A06934D0080D63F /* GSE_TechnicTestUITestsLaunchTests.swift in Sources */ = {isa = PBXBuildFile; fileRef = 6424C46E2A06934D0080D63F /* GSE_TechnicTestUITestsLaunchTests.swift */; };
/* End PBXBuildFile section */

/* Begin PBXContainerItemProxy section */
		6424C45F2A06934D0080D63F /* PBXContainerItemProxy */ = {
			isa = PBXContainerItemProxy;
			containerPortal = 6424C4402A06934C0080D63F /* Project object */;
			proxyType = 1;
			remoteGlobalIDString = 6424C4472A06934C0080D63F;
			remoteInfo = GSE_TechnicTest;
		};
		6424C4692A06934D0080D63F /* PBXContainerItemProxy */ = {
			isa = PBXContainerItemProxy;
			containerPortal = 6424C4402A06934C0080D63F /* Project object */;
			proxyType = 1;
			remoteGlobalIDString = 6424C4472A06934C0080D63F;
			remoteInfo = GSE_TechnicTest;
		};
/* End PBXContainerItemProxy section */

/* Begin PBXFileReference section */
		6424C4482A06934C0080D63F /* GSE_TechnicTest.app */ = {isa = PBXFileReference; explicitFileType = wrapper.application; includeInIndex = 0; path = GSE_TechnicTest.app; sourceTree = BUILT_PRODUCTS_DIR; };
		6424C44B2A06934C0080D63F /* AppDelegate.swift */ = {isa = PBXFileReference; lastKnownFileType = sourcecode.swift; path = AppDelegate.swift; sourceTree = "<group>"; };
		6424C44D2A06934C0080D63F /* SceneDelegate.swift */ = {isa = PBXFileReference; lastKnownFileType = sourcecode.swift; path = SceneDelegate.swift; sourceTree = "<group>"; };
		6424C44F2A06934C0080D63F /* ViewController.swift */ = {isa = PBXFileReference; lastKnownFileType = sourcecode.swift; path = ViewController.swift; sourceTree = "<group>"; };
		6424C4522A06934C0080D63F /* Base */ = {isa = PBXFileReference; lastKnownFileType = file.storyboard; name = Base; path = Base.lproj/Main.storyboard; sourceTree = "<group>"; };
		6424C4542A06934D0080D63F /* Assets.xcassets */ = {isa = PBXFileReference; lastKnownFileType = folder.assetcatalog; path = Assets.xcassets; sourceTree = "<group>"; };
		6424C4572A06934D0080D63F /* Base */ = {isa = PBXFileReference; lastKnownFileType = file.storyboard; name = Base; path = Base.lproj/LaunchScreen.storyboard; sourceTree = "<group>"; };
		6424C4592A06934D0080D63F /* Info.plist */ = {isa = PBXFileReference; lastKnownFileType = text.plist.xml; path = Info.plist; sourceTree = "<group>"; };
		6424C45E2A06934D0080D63F /* GSE_TechnicTestTests.xctest */ = {isa = PBXFileReference; explicitFileType = wrapper.cfbundle; includeInIndex = 0; path = GSE_TechnicTestTests.xctest; sourceTree = BUILT_PRODUCTS_DIR; };
		6424C4622A06934D0080D63F /* GSE_TechnicTestTests.swift */ = {isa = PBXFileReference; lastKnownFileType = sourcecode.swift; path = GSE_TechnicTestTests.swift; sourceTree = "<group>"; };
		6424C4682A06934D0080D63F /* GSE_TechnicTestUITests.xctest */ = {isa = PBXFileReference; explicitFileType = wrapper.cfbundle; includeInIndex = 0; path = GSE_TechnicTestUITests.xctest; sourceTree = BUILT_PRODUCTS_DIR; };
		6424C46C2A06934D0080D63F /* GSE_TechnicTestUITests.swift */ = {isa = PBXFileReference; lastKnownFileType = sourcecode.swift; path = GSE_TechnicTestUITests.swift; sourceTree = "<group>"; };
		6424C46E2A06934D0080D63F /* GSE_TechnicTestUITestsLaunchTests.swift */ = {isa = PBXFileReference; lastKnownFileType = sourcecode.swift; path = GSE_TechnicTestUITestsLaunchTests.swift; sourceTree = "<group>"; };
/* End PBXFileReference section */

/* Begin PBXFrameworksBuildPhase section */
		6424C4452A06934C0080D63F /* Frameworks */ = {
			isa = PBXFrameworksBuildPhase;
			buildActionMask = 2147483647;
			files = (
			);
			runOnlyForDeploymentPostprocessing = 0;
		};
		6424C45B2A06934D0080D63F /* Frameworks */ = {
			isa = PBXFrameworksBuildPhase;
			buildActionMask = 2147483647;
			files = (
			);
			runOnlyForDeploymentPostprocessing = 0;
		};
		6424C4652A06934D0080D63F /* Frameworks */ = {
			isa = PBXFrameworksBuildPhase;
			buildActionMask = 2147483647;
			files = (
			);
			runOnlyForDeploymentPostprocessing = 0;
		};
/* End PBXFrameworksBuildPhase section */

/* Begin PBXGroup section */
		6424C43F2A06934C0080D63F = {
			isa = PBXGroup;
			children = (
				6424C44A2A06934C0080D63F /* GSE_TechnicTest */,
				6424C4612A06934D0080D63F /* GSE_TechnicTestTests */,
				6424C46B2A06934D0080D63F /* GSE_TechnicTestUITests */,
				6424C4492A06934C0080D63F /* Products */,
			);
			sourceTree = "<group>";
		};
		6424C4492A06934C0080D63F /* Products */ = {
			isa = PBXGroup;
			children = (
				6424C4482A06934C0080D63F /* GSE_TechnicTest.app */,
				6424C45E2A06934D0080D63F /* GSE_TechnicTestTests.xctest */,
				6424C4682A06934D0080D63F /* GSE_TechnicTestUITests.xctest */,
			);
			name = Products;
			sourceTree = "<group>";
		};
		6424C44A2A06934C0080D63F /* GSE_TechnicTest */ = {
			isa = PBXGroup;
			children = (
				6424C44B2A06934C0080D63F /* AppDelegate.swift */,
				6424C44D2A06934C0080D63F /* SceneDelegate.swift */,
				6424C44F2A06934C0080D63F /* ViewController.swift */,
				6424C4512A06934C0080D63F /* Main.storyboard */,
				6424C4542A06934D0080D63F /* Assets.xcassets */,
				6424C4562A06934D0080D63F /* LaunchScreen.storyboard */,
				6424C4592A06934D0080D63F /* Info.plist */,
			);
			path = GSE_TechnicTest;
			sourceTree = "<group>";
		};
		6424C4612A06934D0080D63F /* GSE_TechnicTestTests */ = {
			isa = PBXGroup;
			children = (
				6424C4622A06934D0080D63F /* GSE_TechnicTestTests.swift */,
			);
			path = GSE_TechnicTestTests;
			sourceTree = "<group>";
		};
		6424C46B2A06934D0080D63F /* GSE_TechnicTestUITests */ = {
			isa = PBXGroup;
			children = (
				6424C46C2A06934D0080D63F /* GSE_TechnicTestUITests.swift */,
				6424C46E2A06934D0080D63F /* GSE_TechnicTestUITestsLaunchTests.swift */,
			);
			path = GSE_TechnicTestUITests;
			sourceTree = "<group>";
		};
/* End PBXGroup section */

/* Begin PBXNativeTarget section */
		6424C4472A06934C0080D63F /* GSE_TechnicTest */ = {
			isa = PBXNativeTarget;
			buildConfigurationList = 6424C4722A06934D0080D63F /* Build configuration list for PBXNativeTarget "GSE_TechnicTest" */;
			buildPhases = (
				6424C4442A06934C0080D63F /* Sources */,
				6424C4452A06934C0080D63F /* Frameworks */,
				6424C4462A06934C0080D63F /* Resources */,
			);
			buildRules = (
			);
			dependencies = (
			);
			name = GSE_TechnicTest;
			productName = GSE_TechnicTest;
			productReference = 6424C4482A06934C0080D63F /* GSE_TechnicTest.app */;
			productType = "com.apple.product-type.application";
		};
		6424C45D2A06934D0080D63F /* GSE_TechnicTestTests */ = {
			isa = PBXNativeTarget;
			buildConfigurationList = 6424C4752A06934D0080D63F /* Build configuration list for PBXNativeTarget "GSE_TechnicTestTests" */;
			buildPhases = (
				6424C45A2A06934D0080D63F /* Sources */,
				6424C45B2A06934D0080D63F /* Frameworks */,
				6424C45C2A06934D0080D63F /* Resources */,
			);
			buildRules = (
			);
			dependencies = (
				6424C4602A06934D0080D63F /* PBXTargetDependency */,
			);
			name = GSE_TechnicTestTests;
			productName = GSE_TechnicTestTests;
			productReference = 6424C45E2A06934D0080D63F /* GSE_TechnicTestTests.xctest */;
			productType = "com.apple.product-type.bundle.unit-test";
		};
		6424C4672A06934D0080D63F /* GSE_TechnicTestUITests */ = {
			isa = PBXNativeTarget;
			buildConfigurationList = 6424C4782A06934D0080D63F /* Build configuration list for PBXNativeTarget "GSE_TechnicTestUITests" */;
			buildPhases = (
				6424C4642A06934D0080D63F /* Sources */,
				6424C4652A06934D0080D63F /* Frameworks */,
				6424C4662A06934D0080D63F /* Resources */,
			);
			buildRules = (
			);
			dependencies = (
				6424C46A2A06934D0080D63F /* PBXTargetDependency */,
			);
			name = GSE_TechnicTestUITests;
			productName = GSE_TechnicTestUITests;
			productReference = 6424C4682A06934D0080D63F /* GSE_TechnicTestUITests.xctest */;
			productType = "com.apple.product-type.bundle.ui-testing";
		};
/* End PBXNativeTarget section */

/* Begin PBXProject section */
		6424C4402A06934C0080D63F /* Project object */ = {
			isa = PBXProject;
			attributes = {
				BuildIndependentTargetsInParallel = 1;
				LastSwiftUpdateCheck = 1420;
				LastUpgradeCheck = 1420;
				TargetAttributes = {
					6424C4472A06934C0080D63F = {
						CreatedOnToolsVersion = 14.2;
					};
					6424C45D2A06934D0080D63F = {
						CreatedOnToolsVersion = 14.2;
						TestTargetID = 6424C4472A06934C0080D63F;
					};
					6424C4672A06934D0080D63F = {
						CreatedOnToolsVersion = 14.2;
						TestTargetID = 6424C4472A06934C0080D63F;
					};
				};
			};
			buildConfigurationList = 6424C4432A06934C0080D63F /* Build configuration list for PBXProject "GSE_TechnicTest" */;
			compatibilityVersion = "Xcode 14.0";
			developmentRegion = en;
			hasScannedForEncodings = 0;
			knownRegions = (
				en,
				Base,
			);
			mainGroup = 6424C43F2A06934C0080D63F;
			productRefGroup = 6424C4492A06934C0080D63F /* Products */;
			projectDirPath = "";
			projectRoot = "";
			targets = (
				6424C4472A06934C0080D63F /* GSE_TechnicTest */,
				6424C45D2A06934D0080D63F /* GSE_TechnicTestTests */,
				6424C4672A06934D0080D63F /* GSE_TechnicTestUITests */,
			);
		};
/* End PBXProject section */

/* Begin PBXResourcesBuildPhase section */
		6424C4462A06934C0080D63F /* Resources */ = {
			isa = PBXResourcesBuildPhase;
			buildActionMask = 2147483647;
			files = (
				6424C4582A06934D0080D63F /* LaunchScreen.storyboard in Resources */,
				6424C4552A06934D0080D63F /* Assets.xcassets in Resources */,
				6424C4532A06934C0080D63F /* Main.storyboard in Resources */,
			);
			runOnlyForDeploymentPostprocessing = 0;
		};
		6424C45C2A06934D0080D63F /* Resources */ = {
			isa = PBXResourcesBuildPhase;
			buildActionMask = 2147483647;
			files = (
			);
			runOnlyForDeploymentPostprocessing = 0;
		};
		6424C4662A06934D0080D63F /* Resources */ = {
			isa = PBXResourcesBuildPhase;
			buildActionMask = 2147483647;
			files = (
			);
			runOnlyForDeploymentPostprocessing = 0;
		};
/* End PBXResourcesBuildPhase section */

/* Begin PBXSourcesBuildPhase section */
		6424C4442A06934C0080D63F /* Sources */ = {
			isa = PBXSourcesBuildPhase;
			buildActionMask = 2147483647;
			files = (
				6424C4502A06934C0080D63F /* ViewController.swift in Sources */,
				6424C44C2A06934C0080D63F /* AppDelegate.swift in Sources */,
				6424C44E2A06934C0080D63F /* SceneDelegate.swift in Sources */,
			);
			runOnlyForDeploymentPostprocessing = 0;
		};
		6424C45A2A06934D0080D63F /* Sources */ = {
			isa = PBXSourcesBuildPhase;
			buildActionMask = 2147483647;
			files = (
				6424C4632A06934D0080D63F /* GSE_TechnicTestTests.swift in Sources */,
			);
			runOnlyForDeploymentPostprocessing = 0;
		};
		6424C4642A06934D0080D63F /* Sources */ = {
			isa = PBXSourcesBuildPhase;
			buildActionMask = 2147483647;
			files = (
				6424C46D2A06934D0080D63F /* GSE_TechnicTestUITests.swift in Sources */,
				6424C46F2A06934D0080D63F /* GSE_TechnicTestUITestsLaunchTests.swift in Sources */,
			);
			runOnlyForDeploymentPostprocessing = 0;
		};
/* End PBXSourcesBuildPhase section */

/* Begin PBXTargetDependency section */
		6424C4602A06934D0080D63F /* PBXTargetDependency */ = {
			isa = PBXTargetDependency;
			target = 6424C4472A06934C0080D63F /* GSE_TechnicTest */;
			targetProxy = 6424C45F2A06934D0080D63F /* PBXContainerItemProxy */;
		};
		6424C46A2A06934D0080D63F /* PBXTargetDependency */ = {
			isa = PBXTargetDependency;
			target = 6424C4472A06934C0080D63F /* GSE_TechnicTest */;
			targetProxy = 6424C4692A06934D0080D63F /* PBXContainerItemProxy */;
		};
/* End PBXTargetDependency section */

/* Begin PBXVariantGroup section */
		6424C4512A06934C0080D63F /* Main.storyboard */ = {
			isa = PBXVariantGroup;
			children = (
				6424C4522A06934C0080D63F /* Base */,
			);
			name = Main.storyboard;
			sourceTree = "<group>";
		};
		6424C4562A06934D0080D63F /* LaunchScreen.storyboard */ = {
			isa = PBXVariantGroup;
			children = (
				6424C4572A06934D0080D63F /* Base */,
			);
			name = LaunchScreen.storyboard;
			sourceTree = "<group>";
		};
/* End PBXVariantGroup section */

/* Begin XCBuildConfiguration section */
		6424C4702A06934D0080D63F /* Debug */ = {
			isa = XCBuildConfiguration;
			buildSettings = {
				ALWAYS_SEARCH_USER_PATHS = NO;
				CLANG_ANALYZER_NONNULL = YES;
				CLANG_ANALYZER_NUMBER_OBJECT_CONVERSION = YES_AGGRESSIVE;
				CLANG_CXX_LANGUAGE_STANDARD = "gnu++20";
				CLANG_ENABLE_MODULES = YES;
				CLANG_ENABLE_OBJC_ARC = YES;
				CLANG_ENABLE_OBJC_WEAK = YES;
				CLANG_WARN_BLOCK_CAPTURE_AUTORELEASING = YES;
				CLANG_WARN_BOOL_CONVERSION = YES;
				CLANG_WARN_COMMA = YES;
				CLANG_WARN_CONSTANT_CONVERSION = YES;
				CLANG_WARN_DEPRECATED_OBJC_IMPLEMENTATIONS = YES;
				CLANG_WARN_DIRECT_OBJC_ISA_USAGE = YES_ERROR;
				CLANG_WARN_DOCUMENTATION_COMMENTS = YES;
				CLANG_WARN_EMPTY_BODY = YES;
				CLANG_WARN_ENUM_CONVERSION = YES;
				CLANG_WARN_INFINITE_RECURSION = YES;
				CLANG_WARN_INT_CONVERSION = YES;
				CLANG_WARN_NON_LITERAL_NULL_CONVERSION = YES;
				CLANG_WARN_OBJC_IMPLICIT_RETAIN_SELF = YES;
				CLANG_WARN_OBJC_LITERAL_CONVERSION = YES;
				CLANG_WARN_OBJC_ROOT_CLASS = YES_ERROR;
				CLANG_WARN_QUOTED_INCLUDE_IN_FRAMEWORK_HEADER = YES;
				CLANG_WARN_RANGE_LOOP_ANALYSIS = YES;
				CLANG_WARN_STRICT_PROTOTYPES = YES;
				CLANG_WARN_SUSPICIOUS_MOVE = YES;
				CLANG_WARN_UNGUARDED_AVAILABILITY = YES_AGGRESSIVE;
				CLANG_WARN_UNREACHABLE_CODE = YES;
				CLANG_WARN__DUPLICATE_METHOD_MATCH = YES;
				COPY_PHASE_STRIP = NO;
				DEBUG_INFORMATION_FORMAT = dwarf;
				ENABLE_STRICT_OBJC_MSGSEND = YES;
				ENABLE_TESTABILITY = YES;
				GCC_C_LANGUAGE_STANDARD = gnu11;
				GCC_DYNAMIC_NO_PIC = NO;
				GCC_NO_COMMON_BLOCKS = YES;
				GCC_OPTIMIZATION_LEVEL = 0;
				GCC_PREPROCESSOR_DEFINITIONS = (
					"DEBUG=1",
					"$(inherited)",
				);
				GCC_WARN_64_TO_32_BIT_CONVERSION = YES;
				GCC_WARN_ABOUT_RETURN_TYPE = YES_ERROR;
				GCC_WARN_UNDECLARED_SELECTOR = YES;
				GCC_WARN_UNINITIALIZED_AUTOS = YES_AGGRESSIVE;
				GCC_WARN_UNUSED_FUNCTION = YES;
				GCC_WARN_UNUSED_VARIABLE = YES;
				IPHONEOS_DEPLOYMENT_TARGET = 16.2;
				MTL_ENABLE_DEBUG_INFO = INCLUDE_SOURCE;
				MTL_FAST_MATH = YES;
				ONLY_ACTIVE_ARCH = YES;
				SDKROOT = iphoneos;
				SWIFT_ACTIVE_COMPILATION_CONDITIONS = DEBUG;
				SWIFT_OPTIMIZATION_LEVEL = "-Onone";
			};
			name = Debug;
		};
		6424C4712A06934D0080D63F /* Release */ = {
			isa = XCBuildConfiguration;
			buildSettings = {
				ALWAYS_SEARCH_USER_PATHS = NO;
				CLANG_ANALYZER_NONNULL = YES;
				CLANG_ANALYZER_NUMBER_OBJECT_CONVERSION = YES_AGGRESSIVE;
				CLANG_CXX_LANGUAGE_STANDARD = "gnu++20";
				CLANG_ENABLE_MODULES = YES;
				CLANG_ENABLE_OBJC_ARC = YES;
				CLANG_ENABLE_OBJC_WEAK = YES;
				CLANG_WARN_BLOCK_CAPTURE_AUTORELEASING = YES;
				CLANG_WARN_BOOL_CONVERSION = YES;
				CLANG_WARN_COMMA = YES;
				CLANG_WARN_CONSTANT_CONVERSION = YES;
				CLANG_WARN_DEPRECATED_OBJC_IMPLEMENTATIONS = YES;
				CLANG_WARN_DIRECT_OBJC_ISA_USAGE = YES_ERROR;
				CLANG_WARN_DOCUMENTATION_COMMENTS = YES;
				CLANG_WARN_EMPTY_BODY = YES;
				CLANG_WARN_ENUM_CONVERSION = YES;
				CLANG_WARN_INFINITE_RECURSION = YES;
				CLANG_WARN_INT_CONVERSION = YES;
				CLANG_WARN_NON_LITERAL_NULL_CONVERSION = YES;
				CLANG_WARN_OBJC_IMPLICIT_RETAIN_SELF = YES;
				CLANG_WARN_OBJC_LITERAL_CONVERSION = YES;
				CLANG_WARN_OBJC_ROOT_CLASS = YES_ERROR;
				CLANG_WARN_QUOTED_INCLUDE_IN_FRAMEWORK_HEADER = YES;
				CLANG_WARN_RANGE_LOOP_ANALYSIS = YES;
				CLANG_WARN_STRICT_PROTOTYPES = YES;
				CLANG_WARN_SUSPICIOUS_MOVE = YES;
				CLANG_WARN_UNGUARDED_AVAILABILITY = YES_AGGRESSIVE;
				CLANG_WARN_UNREACHABLE_CODE = YES;
				CLANG_WARN__DUPLICATE_METHOD_MATCH = YES;
				COPY_PHASE_STRIP = NO;
				DEBUG_INFORMATION_FORMAT = "dwarf-with-dsym";
				ENABLE_NS_ASSERTIONS = NO;
				ENABLE_STRICT_OBJC_MSGSEND = YES;
				GCC_C_LANGUAGE_STANDARD = gnu11;
				GCC_NO_COMMON_BLOCKS = YES;
				GCC_WARN_64_TO_32_BIT_CONVERSION = YES;
				GCC_WARN_ABOUT_RETURN_TYPE = YES_ERROR;
				GCC_WARN_UNDECLARED_SELECTOR = YES;
				GCC_WARN_UNINITIALIZED_AUTOS = YES_AGGRESSIVE;
				GCC_WARN_UNUSED_FUNCTION = YES;
				GCC_WARN_UNUSED_VARIABLE = YES;
				IPHONEOS_DEPLOYMENT_TARGET = 16.2;
				MTL_ENABLE_DEBUG_INFO = NO;
				MTL_FAST_MATH = YES;
				SDKROOT = iphoneos;
				SWIFT_COMPILATION_MODE = wholemodule;
				SWIFT_OPTIMIZATION_LEVEL = "-O";
				VALIDATE_PRODUCT = YES;
			};
			name = Release;
		};
		6424C4732A06934D0080D63F /* Debug */ = {
			isa = XCBuildConfiguration;
			buildSettings = {
				ASSETCATALOG_COMPILER_APPICON_NAME = AppIcon;
				ASSETCATALOG_COMPILER_GLOBAL_ACCENT_COLOR_NAME = AccentColor;
				CODE_SIGN_STYLE = Automatic;
				CURRENT_PROJECT_VERSION = 1;
				GENERATE_INFOPLIST_FILE = YES;
				INFOPLIST_FILE = GSE_TechnicTest/Info.plist;
				INFOPLIST_KEY_UIApplicationSupportsIndirectInputEvents = YES;
				INFOPLIST_KEY_UILaunchStoryboardName = LaunchScreen;
				INFOPLIST_KEY_UIMainStoryboardFile = Main;
				INFOPLIST_KEY_UISupportedInterfaceOrientations_iPad = "UIInterfaceOrientationPortrait UIInterfaceOrientationPortraitUpsideDown UIInterfaceOrientationLandscapeLeft UIInterfaceOrientationLandscapeRight";
				INFOPLIST_KEY_UISupportedInterfaceOrientations_iPhone = "UIInterfaceOrientationPortrait UIInterfaceOrientationLandscapeLeft UIInterfaceOrientationLandscapeRight";
				LD_RUNPATH_SEARCH_PATHS = (
					"$(inherited)",
					"@executable_path/Frameworks",
				);
				MARKETING_VERSION = 1.0;
				PRODUCT_BUNDLE_IDENTIFIER = "JonathanPerez.GSE-TechnicTest";
				PRODUCT_NAME = "$(TARGET_NAME)";
				SWIFT_EMIT_LOC_STRINGS = YES;
				SWIFT_VERSION = 5.0;
				TARGETED_DEVICE_FAMILY = "1,2";
			};
			name = Debug;
		};
		6424C4742A06934D0080D63F /* Release */ = {
			isa = XCBuildConfiguration;
			buildSettings = {
				ASSETCATALOG_COMPILER_APPICON_NAME = AppIcon;
				ASSETCATALOG_COMPILER_GLOBAL_ACCENT_COLOR_NAME = AccentColor;
				CODE_SIGN_STYLE = Automatic;
				CURRENT_PROJECT_VERSION = 1;
				GENERATE_INFOPLIST_FILE = YES;
				INFOPLIST_FILE = GSE_TechnicTest/Info.plist;
				INFOPLIST_KEY_UIApplicationSupportsIndirectInputEvents = YES;
				INFOPLIST_KEY_UILaunchStoryboardName = LaunchScreen;
				INFOPLIST_KEY_UIMainStoryboardFile = Main;
				INFOPLIST_KEY_UISupportedInterfaceOrientations_iPad = "UIInterfaceOrientationPortrait UIInterfaceOrientationPortraitUpsideDown UIInterfaceOrientationLandscapeLeft UIInterfaceOrientationLandscapeRight";
				INFOPLIST_KEY_UISupportedInterfaceOrientations_iPhone = "UIInterfaceOrientationPortrait UIInterfaceOrientationLandscapeLeft UIInterfaceOrientationLandscapeRight";
				LD_RUNPATH_SEARCH_PATHS = (
					"$(inherited)",
					"@executable_path/Frameworks",
				);
				MARKETING_VERSION = 1.0;
				PRODUCT_BUNDLE_IDENTIFIER = "JonathanPerez.GSE-TechnicTest";
				PRODUCT_NAME = "$(TARGET_NAME)";
				SWIFT_EMIT_LOC_STRINGS = YES;
				SWIFT_VERSION = 5.0;
				TARGETED_DEVICE_FAMILY = "1,2";
			};
			name = Release;
		};
		6424C4762A06934D0080D63F /* Debug */ = {
			isa = XCBuildConfiguration;
			buildSettings = {
				ALWAYS_EMBED_SWIFT_STANDARD_LIBRARIES = YES;
				BUNDLE_LOADER = "$(TEST_HOST)";
				CODE_SIGN_STYLE = Automatic;
				CURRENT_PROJECT_VERSION = 1;
				GENERATE_INFOPLIST_FILE = YES;
				IPHONEOS_DEPLOYMENT_TARGET = 16.2;
				MARKETING_VERSION = 1.0;
				PRODUCT_BUNDLE_IDENTIFIER = "JonathanPerez.GSE-TechnicTestTests";
				PRODUCT_NAME = "$(TARGET_NAME)";
				SWIFT_EMIT_LOC_STRINGS = NO;
				SWIFT_VERSION = 5.0;
				TARGETED_DEVICE_FAMILY = "1,2";
				TEST_HOST = "$(BUILT_PRODUCTS_DIR)/GSE_TechnicTest.app/$(BUNDLE_EXECUTABLE_FOLDER_PATH)/GSE_TechnicTest";
			};
			name = Debug;
		};
		6424C4772A06934D0080D63F /* Release */ = {
			isa = XCBuildConfiguration;
			buildSettings = {
				ALWAYS_EMBED_SWIFT_STANDARD_LIBRARIES = YES;
				BUNDLE_LOADER = "$(TEST_HOST)";
				CODE_SIGN_STYLE = Automatic;
				CURRENT_PROJECT_VERSION = 1;
				GENERATE_INFOPLIST_FILE = YES;
				IPHONEOS_DEPLOYMENT_TARGET = 16.2;
				MARKETING_VERSION = 1.0;
				PRODUCT_BUNDLE_IDENTIFIER = "JonathanPerez.GSE-TechnicTestTests";
				PRODUCT_NAME = "$(TARGET_NAME)";
				SWIFT_EMIT_LOC_STRINGS = NO;
				SWIFT_VERSION = 5.0;
				TARGETED_DEVICE_FAMILY = "1,2";
				TEST_HOST = "$(BUILT_PRODUCTS_DIR)/GSE_TechnicTest.app/$(BUNDLE_EXECUTABLE_FOLDER_PATH)/GSE_TechnicTest";
			};
			name = Release;
		};
		6424C4792A06934D0080D63F /* Debug */ = {
			isa = XCBuildConfiguration;
			buildSettings = {
				ALWAYS_EMBED_SWIFT_STANDARD_LIBRARIES = YES;
				CODE_SIGN_STYLE = Automatic;
				CURRENT_PROJECT_VERSION = 1;
				GENERATE_INFOPLIST_FILE = YES;
				MARKETING_VERSION = 1.0;
				PRODUCT_BUNDLE_IDENTIFIER = "JonathanPerez.GSE-TechnicTestUITests";
				PRODUCT_NAME = "$(TARGET_NAME)";
				SWIFT_EMIT_LOC_STRINGS = NO;
				SWIFT_VERSION = 5.0;
				TARGETED_DEVICE_FAMILY = "1,2";
				TEST_TARGET_NAME = GSE_TechnicTest;
			};
			name = Debug;
		};
		6424C47A2A06934D0080D63F /* Release */ = {
			isa = XCBuildConfiguration;
			buildSettings = {
				ALWAYS_EMBED_SWIFT_STANDARD_LIBRARIES = YES;
				CODE_SIGN_STYLE = Automatic;
				CURRENT_PROJECT_VERSION = 1;
				GENERATE_INFOPLIST_FILE = YES;
				MARKETING_VERSION = 1.0;
				PRODUCT_BUNDLE_IDENTIFIER = "JonathanPerez.GSE-TechnicTestUITests";
				PRODUCT_NAME = "$(TARGET_NAME)";
				SWIFT_EMIT_LOC_STRINGS = NO;
				SWIFT_VERSION = 5.0;
				TARGETED_DEVICE_FAMILY = "1,2";
				TEST_TARGET_NAME = GSE_TechnicTest;
			};
			name = Release;
		};
/* End XCBuildConfiguration section */

/* Begin XCConfigurationList section */
		6424C4432A06934C0080D63F /* Build configuration list for PBXProject "GSE_TechnicTest" */ = {
			isa = XCConfigurationList;
			buildConfigurations = (
				6424C4702A06934D0080D63F /* Debug */,
				6424C4712A06934D0080D63F /* Release */,
			);
			defaultConfigurationIsVisible = 0;
			defaultConfigurationName = Release;
		};
		6424C4722A06934D0080D63F /* Build configuration list for PBXNativeTarget "GSE_TechnicTest" */ = {
			isa = XCConfigurationList;
			buildConfigurations = (
				6424C4732A06934D0080D63F /* Debug */,
				6424C4742A06934D0080D63F /* Release */,
			);
			defaultConfigurationIsVisible = 0;
			defaultConfigurationName = Release;
		};
		6424C4752A06934D0080D63F /* Build configuration list for PBXNativeTarget "GSE_TechnicTestTests" */ = {
			isa = XCConfigurationList;
			buildConfigurations = (
				6424C4762A06934D0080D63F /* Debug */,
				6424C4772A06934D0080D63F /* Release */,
			);
			defaultConfigurationIsVisible = 0;
			defaultConfigurationName = Release;
		};
		6424C4782A06934D0080D63F /* Build configuration list for PBXNativeTarget "GSE_TechnicTestUITests" */ = {
			isa = XCConfigurationList;
			buildConfigurations = (
				6424C4792A06934D0080D63F /* Debug */,
				6424C47A2A06934D0080D63F /* Release */,
			);
			defaultConfigurationIsVisible = 0;
			defaultConfigurationName = Release;
		};
/* End XCConfigurationList section */
	};
	rootObject = 6424C4402A06934C0080D63F /* Project object */;
}
